# THIS IS AN AUTOGENERATED FILE. DO NOT EDIT THIS FILE DIRECTLY.
# yarn lockfile v1


"@getalby/lightning-tools@^5.0.3":
  version "5.0.3"
  resolved "https://registry.yarnpkg.com/@getalby/lightning-tools/-/lightning-tools-5.0.3.tgz#4cc6ef1253a30fb4913af89b842645e0c04994bf"
  integrity sha512-QG3/SBI5n2py5IgsjP3K+c8eq55eiI3PQB12yo9Pot0b5hcN7TNNoTKn0fgLJjO1iEVCUkF513kDOpjjXwK0hQ==
